{
  "name": "Jinyee",
  "version": "1.0.0",
  "lockfileVersion": 1,
  "requires": true,
  "dependencies": {
    "sinon-chai": {
      "version": "3.6.0",
      "resolved": "https://registry.npmjs.org/sinon-chai/-/sinon-chai-3.6.0.tgz",
      "integrity": "sha512-bk2h+0xyKnmvazAnc7HE5esttqmCerSMcBtuB2PS2T4tG6x8woXAxZeJaOJWD+8reXHngnXn0RtIbfEW9OTHFg=="
    }
  }
}
